
Microsoft Visual Studio Solution File, Format Version 12.00
# Visual Studio 15
VisualStudioVersion = 15.0.28010.2048
MinimumVisualStudioVersion = 10.0.40219.1
Project("{FAE04EC0-301F-11D3-BF4B-00C04F79EFBC}") = "CommandLine", "CommandLine\CommandLine.csproj", "{1E132399-80ED-4049-A776-CD3C7DBCAA68}"
EndProject
Project("{FAE04EC0-301F-11D3-BF4B-00C04F79EFBC}") = "Wpf", "Wpf\Wpf.csproj", "{FD888AD5-9322-48F2-B3DC-36CB49DE6033}"
EndProject
Project("{9A19103F-16F7-4668-BE54-9A1E7A4F7556}") = "Model", "Model\Model.csproj", "{F2E18845-A6FE-4619-8997-3ECCD9516ACE}"
EndProject
Project("{9A19103F-16F7-4668-BE54-9A1E7A4F7556}") = "Data(de)Serialization", "Data(de)Serialization\Data(de)Serialization.csproj", "{116EE92B-B3C4-462F-AED8-7403E84111B5}"
EndProject
Project("{FAE04EC0-301F-11D3-BF4B-00C04F79EFBC}") = "Logging", "Logging\Logging.csproj", "{F15A466F-8472-4826-A270-B135CB532188}"
EndProject
Project("{FAE04EC0-301F-11D3-BF4B-00C04F79EFBC}") = "ViewModel", "ViewModel\ViewModel.csproj", "{9529F2B1-19DE-4A95-BE82-FDD08828A898}"
EndProject
Project("{FAE04EC0-301F-11D3-BF4B-00C04F79EFBC}") = "UnitTest", "UnitTest\UnitTest.csproj", "{44A2926E-F628-4CA3-B33A-F60D4A008537}"
EndProject
Global
	GlobalSection(SolutionConfigurationPlatforms) = preSolution
		Debug|Any CPU = Debug|Any CPU
		Release|Any CPU = Release|Any CPU
	EndGlobalSection
	GlobalSection(ProjectConfigurationPlatforms) = postSolution
		{1E132399-80ED-4049-A776-CD3C7DBCAA68}.Debug|Any CPU.ActiveCfg = Debug|Any CPU
		{1E132399-80ED-4049-A776-CD3C7DBCAA68}.Debug|Any CPU.Build.0 = Debug|Any CPU
		{1E132399-80ED-4049-A776-CD3C7DBCAA68}.Release|Any CPU.ActiveCfg = Release|Any CPU
		{1E132399-80ED-4049-A776-CD3C7DBCAA68}.Release|Any CPU.Build.0 = Release|Any CPU
		{FD888AD5-9322-48F2-B3DC-36CB49DE6033}.Debug|Any CPU.ActiveCfg = Debug|Any CPU
		{FD888AD5-9322-48F2-B3DC-36CB49DE6033}.Debug|Any CPU.Build.0 = Debug|Any CPU
		{FD888AD5-9322-48F2-B3DC-36CB49DE6033}.Release|Any CPU.ActiveCfg = Release|Any CPU
		{FD888AD5-9322-48F2-B3DC-36CB49DE6033}.Release|Any CPU.Build.0 = Release|Any CPU
		{F2E18845-A6FE-4619-8997-3ECCD9516ACE}.Debug|Any CPU.ActiveCfg = Debug|Any CPU
		{F2E18845-A6FE-4619-8997-3ECCD9516ACE}.Debug|Any CPU.Build.0 = Debug|Any CPU
		{F2E18845-A6FE-4619-8997-3ECCD9516ACE}.Release|Any CPU.ActiveCfg = Release|Any CPU
		{F2E18845-A6FE-4619-8997-3ECCD9516ACE}.Release|Any CPU.Build.0 = Release|Any CPU
		{116EE92B-B3C4-462F-AED8-7403E84111B5}.Debug|Any CPU.ActiveCfg = Debug|Any CPU
		{116EE92B-B3C4-462F-AED8-7403E84111B5}.Debug|Any CPU.Build.0 = Debug|Any CPU
		{116EE92B-B3C4-462F-AED8-7403E84111B5}.Release|Any CPU.ActiveCfg = Release|Any CPU
		{116EE92B-B3C4-462F-AED8-7403E84111B5}.Release|Any CPU.Build.0 = Release|Any CPU
		{F15A466F-8472-4826-A270-B135CB532188}.Debug|Any CPU.ActiveCfg = Debug|Any CPU
		{F15A466F-8472-4826-A270-B135CB532188}.Debug|Any CPU.Build.0 = Debug|Any CPU
		{F15A466F-8472-4826-A270-B135CB532188}.Release|Any CPU.ActiveCfg = Release|Any CPU
		{F15A466F-8472-4826-A270-B135CB532188}.Release|Any CPU.Build.0 = Release|Any CPU
		{9529F2B1-19DE-4A95-BE82-FDD08828A898}.Debug|Any CPU.ActiveCfg = Debug|Any CPU
		{9529F2B1-19DE-4A95-BE82-FDD08828A898}.Debug|Any CPU.Build.0 = Debug|Any CPU
		{9529F2B1-19DE-4A95-BE82-FDD08828A898}.Release|Any CPU.ActiveCfg = Release|Any CPU
		{9529F2B1-19DE-4A95-BE82-FDD08828A898}.Release|Any CPU.Build.0 = Release|Any CPU
		{44A2926E-F628-4CA3-B33A-F60D4A008537}.Debug|Any CPU.ActiveCfg = Debug|Any CPU
		{44A2926E-F628-4CA3-B33A-F60D4A008537}.Debug|Any CPU.Build.0 = Debug|Any CPU
		{44A2926E-F628-4CA3-B33A-F60D4A008537}.Release|Any CPU.ActiveCfg = Release|Any CPU
		{44A2926E-F628-4CA3-B33A-F60D4A008537}.Release|Any CPU.Build.0 = Release|Any CPU
	EndGlobalSection
	GlobalSection(SolutionProperties) = preSolution
		HideSolutionNode = FALSE
	EndGlobalSection
	GlobalSection(ExtensibilityGlobals) = postSolution
		SolutionGuid = {6637BF41-4AF2-4999-8259-514AE54C56C5}
	EndGlobalSection
EndGlobal
