
Microsoft Visual Studio Solution File, Format Version 12.00
# Visual Studio 15
VisualStudioVersion = 15.0.28010.2048
MinimumVisualStudioVersion = 10.0.40219.1
Project("{FAE04EC0-301F-11D3-BF4B-00C04F79EFBC}") = "CommandLine", "CommandLine\CommandLine.csproj", "{1E132399-80ED-4049-A776-CD3C7DBCAA68}"
EndProject
Project("{FAE04EC0-301F-11D3-BF4B-00C04F79EFBC}") = "Wpf", "Wpf\Wpf.csproj", "{FD888AD5-9322-48F2-B3DC-36CB49DE6033}"
EndProject
Project("{FAE04EC0-301F-11D3-BF4B-00C04F79EFBC}") = "UnitTestFileLogger", "UnitTestLogging\UnitTestFileLogger.csproj", "{7D96C6F4-32CC-4AA6-BCCA-228C878E203F}"
EndProject
Project("{FAE04EC0-301F-11D3-BF4B-00C04F79EFBC}") = "UnitTestModel", "UnitTestModel\UnitTestModel.csproj", "{1B5A4A41-C394-481E-8203-F6592DC48FAE}"
EndProject
Project("{FAE04EC0-301F-11D3-BF4B-00C04F79EFBC}") = "WpfFileSelector", "WpfFileSelector\WpfFileSelector.csproj", "{3A18448F-B51C-4D40-8064-EAB988133FE6}"
EndProject
Project("{FAE04EC0-301F-11D3-BF4B-00C04F79EFBC}") = "ClFileSelector", "ClFileSelector\ClFileSelector.csproj", "{517B93E4-390F-4CF1-A3D3-F50FB951D58D}"
EndProject
Project("{FAE04EC0-301F-11D3-BF4B-00C04F79EFBC}") = "ModelXml", "ModelXml\ModelXml.csproj", "{93A336E5-C2EB-4DC6-829C-9AD83656D5A3}"
EndProject
Project("{FAE04EC0-301F-11D3-BF4B-00C04F79EFBC}") = "ModelDB", "ModelDB\ModelDB.csproj", "{6D551118-C6F7-40B6-BF27-8EAA71B0FAA1}"
EndProject
Project("{FAE04EC0-301F-11D3-BF4B-00C04F79EFBC}") = "ViewModel", "ViewModel\ViewModel.csproj", "{11D16F88-ABAB-4954-80BD-48C80BEDEE20}"
EndProject
Project("{FAE04EC0-301F-11D3-BF4B-00C04F79EFBC}") = "Data", "Data\Data.csproj", "{F7A14A4D-6CCD-4395-813F-7448B086F726}"
EndProject
Project("{FAE04EC0-301F-11D3-BF4B-00C04F79EFBC}") = "UnitTestXmlSerializing", "UnitTestXmlSerializing\UnitTestXmlSerializing.csproj", "{67217D33-0367-4531-9522-722899F14A20}"
EndProject
Project("{FAE04EC0-301F-11D3-BF4B-00C04F79EFBC}") = "UnitTestDatabaseSerializing", "UnitTestDatabaseSerializing\UnitTestDatabaseSerializing.csproj", "{C9EE1321-DB9D-4528-A2B9-0CD58FDC7CED}"
EndProject
Project("{2150E333-8FDC-42A3-9474-1A3956D46DE8}") = "DllForTests", "DllForTests", "{798DF630-B903-4046-A706-425FC985C99E}"
	ProjectSection(SolutionItems) = preProject
		DllForTests\TPA.ApplicationArchitecture.dll = DllForTests\TPA.ApplicationArchitecture.dll
	EndProjectSection
EndProject
Project("{FAE04EC0-301F-11D3-BF4B-00C04F79EFBC}") = "LoggerBase", "LoggerBase\LoggerBase.csproj", "{A8C42BCF-7B4E-4E9F-86B6-27FEF1E15D4D}"
EndProject
Project("{FAE04EC0-301F-11D3-BF4B-00C04F79EFBC}") = "BusinessLogic", "BusinessLogic\BusinessLogic.csproj", "{9820C2B1-C91C-4677-BAD3-8F7D86041DEA}"
EndProject
Global
	GlobalSection(SolutionConfigurationPlatforms) = preSolution
		Debug|Any CPU = Debug|Any CPU
		Release|Any CPU = Release|Any CPU
	EndGlobalSection
	GlobalSection(ProjectConfigurationPlatforms) = postSolution
		{1E132399-80ED-4049-A776-CD3C7DBCAA68}.Debug|Any CPU.ActiveCfg = Debug|Any CPU
		{1E132399-80ED-4049-A776-CD3C7DBCAA68}.Debug|Any CPU.Build.0 = Debug|Any CPU
		{1E132399-80ED-4049-A776-CD3C7DBCAA68}.Release|Any CPU.ActiveCfg = Release|Any CPU
		{1E132399-80ED-4049-A776-CD3C7DBCAA68}.Release|Any CPU.Build.0 = Release|Any CPU
		{FD888AD5-9322-48F2-B3DC-36CB49DE6033}.Debug|Any CPU.ActiveCfg = Debug|Any CPU
		{FD888AD5-9322-48F2-B3DC-36CB49DE6033}.Debug|Any CPU.Build.0 = Debug|Any CPU
		{FD888AD5-9322-48F2-B3DC-36CB49DE6033}.Release|Any CPU.ActiveCfg = Release|Any CPU
		{FD888AD5-9322-48F2-B3DC-36CB49DE6033}.Release|Any CPU.Build.0 = Release|Any CPU
		{7D96C6F4-32CC-4AA6-BCCA-228C878E203F}.Debug|Any CPU.ActiveCfg = Debug|Any CPU
		{7D96C6F4-32CC-4AA6-BCCA-228C878E203F}.Debug|Any CPU.Build.0 = Debug|Any CPU
		{7D96C6F4-32CC-4AA6-BCCA-228C878E203F}.Release|Any CPU.ActiveCfg = Release|Any CPU
		{7D96C6F4-32CC-4AA6-BCCA-228C878E203F}.Release|Any CPU.Build.0 = Release|Any CPU
		{1B5A4A41-C394-481E-8203-F6592DC48FAE}.Debug|Any CPU.ActiveCfg = Debug|Any CPU
		{1B5A4A41-C394-481E-8203-F6592DC48FAE}.Debug|Any CPU.Build.0 = Debug|Any CPU
		{1B5A4A41-C394-481E-8203-F6592DC48FAE}.Release|Any CPU.ActiveCfg = Release|Any CPU
		{1B5A4A41-C394-481E-8203-F6592DC48FAE}.Release|Any CPU.Build.0 = Release|Any CPU
		{3A18448F-B51C-4D40-8064-EAB988133FE6}.Debug|Any CPU.ActiveCfg = Debug|Any CPU
		{3A18448F-B51C-4D40-8064-EAB988133FE6}.Debug|Any CPU.Build.0 = Debug|Any CPU
		{3A18448F-B51C-4D40-8064-EAB988133FE6}.Release|Any CPU.ActiveCfg = Release|Any CPU
		{3A18448F-B51C-4D40-8064-EAB988133FE6}.Release|Any CPU.Build.0 = Release|Any CPU
		{517B93E4-390F-4CF1-A3D3-F50FB951D58D}.Debug|Any CPU.ActiveCfg = Debug|Any CPU
		{517B93E4-390F-4CF1-A3D3-F50FB951D58D}.Debug|Any CPU.Build.0 = Debug|Any CPU
		{517B93E4-390F-4CF1-A3D3-F50FB951D58D}.Release|Any CPU.ActiveCfg = Release|Any CPU
		{517B93E4-390F-4CF1-A3D3-F50FB951D58D}.Release|Any CPU.Build.0 = Release|Any CPU
		{93A336E5-C2EB-4DC6-829C-9AD83656D5A3}.Debug|Any CPU.ActiveCfg = Debug|Any CPU
		{93A336E5-C2EB-4DC6-829C-9AD83656D5A3}.Debug|Any CPU.Build.0 = Debug|Any CPU
		{93A336E5-C2EB-4DC6-829C-9AD83656D5A3}.Release|Any CPU.ActiveCfg = Release|Any CPU
		{93A336E5-C2EB-4DC6-829C-9AD83656D5A3}.Release|Any CPU.Build.0 = Release|Any CPU
		{6D551118-C6F7-40B6-BF27-8EAA71B0FAA1}.Debug|Any CPU.ActiveCfg = Debug|Any CPU
		{6D551118-C6F7-40B6-BF27-8EAA71B0FAA1}.Debug|Any CPU.Build.0 = Debug|Any CPU
		{6D551118-C6F7-40B6-BF27-8EAA71B0FAA1}.Release|Any CPU.ActiveCfg = Release|Any CPU
		{6D551118-C6F7-40B6-BF27-8EAA71B0FAA1}.Release|Any CPU.Build.0 = Release|Any CPU
		{11D16F88-ABAB-4954-80BD-48C80BEDEE20}.Debug|Any CPU.ActiveCfg = Debug|Any CPU
		{11D16F88-ABAB-4954-80BD-48C80BEDEE20}.Debug|Any CPU.Build.0 = Debug|Any CPU
		{11D16F88-ABAB-4954-80BD-48C80BEDEE20}.Release|Any CPU.ActiveCfg = Release|Any CPU
		{11D16F88-ABAB-4954-80BD-48C80BEDEE20}.Release|Any CPU.Build.0 = Release|Any CPU
		{F7A14A4D-6CCD-4395-813F-7448B086F726}.Debug|Any CPU.ActiveCfg = Debug|Any CPU
		{F7A14A4D-6CCD-4395-813F-7448B086F726}.Debug|Any CPU.Build.0 = Debug|Any CPU
		{F7A14A4D-6CCD-4395-813F-7448B086F726}.Release|Any CPU.ActiveCfg = Release|Any CPU
		{F7A14A4D-6CCD-4395-813F-7448B086F726}.Release|Any CPU.Build.0 = Release|Any CPU
		{67217D33-0367-4531-9522-722899F14A20}.Debug|Any CPU.ActiveCfg = Debug|Any CPU
		{67217D33-0367-4531-9522-722899F14A20}.Debug|Any CPU.Build.0 = Debug|Any CPU
		{67217D33-0367-4531-9522-722899F14A20}.Release|Any CPU.ActiveCfg = Release|Any CPU
		{67217D33-0367-4531-9522-722899F14A20}.Release|Any CPU.Build.0 = Release|Any CPU
		{C9EE1321-DB9D-4528-A2B9-0CD58FDC7CED}.Debug|Any CPU.ActiveCfg = Debug|Any CPU
		{C9EE1321-DB9D-4528-A2B9-0CD58FDC7CED}.Debug|Any CPU.Build.0 = Debug|Any CPU
		{C9EE1321-DB9D-4528-A2B9-0CD58FDC7CED}.Release|Any CPU.ActiveCfg = Release|Any CPU
		{C9EE1321-DB9D-4528-A2B9-0CD58FDC7CED}.Release|Any CPU.Build.0 = Release|Any CPU
		{A8C42BCF-7B4E-4E9F-86B6-27FEF1E15D4D}.Debug|Any CPU.ActiveCfg = Debug|Any CPU
		{A8C42BCF-7B4E-4E9F-86B6-27FEF1E15D4D}.Debug|Any CPU.Build.0 = Debug|Any CPU
		{A8C42BCF-7B4E-4E9F-86B6-27FEF1E15D4D}.Release|Any CPU.ActiveCfg = Release|Any CPU
		{A8C42BCF-7B4E-4E9F-86B6-27FEF1E15D4D}.Release|Any CPU.Build.0 = Release|Any CPU
		{9820C2B1-C91C-4677-BAD3-8F7D86041DEA}.Debug|Any CPU.ActiveCfg = Debug|Any CPU
		{9820C2B1-C91C-4677-BAD3-8F7D86041DEA}.Debug|Any CPU.Build.0 = Debug|Any CPU
		{9820C2B1-C91C-4677-BAD3-8F7D86041DEA}.Release|Any CPU.ActiveCfg = Release|Any CPU
		{9820C2B1-C91C-4677-BAD3-8F7D86041DEA}.Release|Any CPU.Build.0 = Release|Any CPU
	EndGlobalSection
	GlobalSection(SolutionProperties) = preSolution
		HideSolutionNode = FALSE
	EndGlobalSection
	GlobalSection(ExtensibilityGlobals) = postSolution
		SolutionGuid = {6637BF41-4AF2-4999-8259-514AE54C56C5}
	EndGlobalSection
EndGlobal
